
Microsoft Visual Studio Solution File, Format Version 12.00
# Visual Studio 15
VisualStudioVersion = 15.0.27004.2002
MinimumVisualStudioVersion = 10.0.40219.1
Project("{9092AA53-FB77-4645-B42D-1CCCA6BD08BD}") = "nodejs-helloworld2", "nodejs-helloworld2\nodejs-helloworld2.njsproj", "{89309DB7-275D-46CD-AD96-E9DDCF908653}"
EndProject
Global
	GlobalSection(SolutionConfigurationPlatforms) = preSolution
		Debug|Any CPU = Debug|Any CPU
		Release|Any CPU = Release|Any CPU
	EndGlobalSection
	GlobalSection(ProjectConfigurationPlatforms) = postSolution
		{89309DB7-275D-46CD-AD96-E9DDCF908653}.Debug|Any CPU.ActiveCfg = Debug|Any CPU
		{89309DB7-275D-46CD-AD96-E9DDCF908653}.Debug|Any CPU.Build.0 = Debug|Any CPU
		{89309DB7-275D-46CD-AD96-E9DDCF908653}.Release|Any CPU.ActiveCfg = Release|Any CPU
		{89309DB7-275D-46CD-AD96-E9DDCF908653}.Release|Any CPU.Build.0 = Release|Any CPU
	EndGlobalSection
	GlobalSection(SolutionProperties) = preSolution
		HideSolutionNode = FALSE
	EndGlobalSection
	GlobalSection(ExtensibilityGlobals) = postSolution
		SolutionGuid = {8DF7C4A8-6334-4B82-9894-6E8D9ACB03E8}
	EndGlobalSection
EndGlobal
